// !$*UTF8*$!
{
	archiveVersion = 1;
	classes = {
	};
	objectVersion = 50;
	objects = {

/* Begin PBXBuildFile section */
		7513D18BEEE45DCA0C387687 /* Pods_PictureGeneratorUITests.framework in Frameworks */ = {isa = PBXBuildFile; fileRef = DA6B57E033302B5717C013F7 /* Pods_PictureGeneratorUITests.framework */; };
		BA31050421B4A94B0087FA72 /* AppDelegate.swift in Sources */ = {isa = PBXBuildFile; fileRef = BA31050321B4A94B0087FA72 /* AppDelegate.swift */; };
		BA31050621B4A94B0087FA72 /* MapVC.swift in Sources */ = {isa = PBXBuildFile; fileRef = BA31050521B4A94B0087FA72 /* MapVC.swift */; };
		BA31050921B4A94B0087FA72 /* Main.storyboard in Resources */ = {isa = PBXBuildFile; fileRef = BA31050721B4A94B0087FA72 /* Main.storyboard */; };
		BA31050B21B4A94C0087FA72 /* Assets.xcassets in Resources */ = {isa = PBXBuildFile; fileRef = BA31050A21B4A94C0087FA72 /* Assets.xcassets */; };
		BA31050E21B4A94C0087FA72 /* LaunchScreen.storyboard in Resources */ = {isa = PBXBuildFile; fileRef = BA31050C21B4A94C0087FA72 /* LaunchScreen.storyboard */; };
		BA31051921B4A94C0087FA72 /* PictureGeneratorTests.swift in Sources */ = {isa = PBXBuildFile; fileRef = BA31051821B4A94C0087FA72 /* PictureGeneratorTests.swift */; };
		BA31052421B4A94C0087FA72 /* PictureGeneratorUITests.swift in Sources */ = {isa = PBXBuildFile; fileRef = BA31052321B4A94C0087FA72 /* PictureGeneratorUITests.swift */; };
		BA329E7121B9867C0026196A /* DroppingPin.swift in Sources */ = {isa = PBXBuildFile; fileRef = BA329E7021B9867C0026196A /* DroppingPin.swift */; };
		BA61ADAA21C0810A00B45DCB /* Constants.swift in Sources */ = {isa = PBXBuildFile; fileRef = BA61ADA921C0810A00B45DCB /* Constants.swift */; };
		BAAF808F21BED2F60020E4AB /* PictureCell.swift in Sources */ = {isa = PBXBuildFile; fileRef = BAAF808E21BED2F60020E4AB /* PictureCell.swift */; };
		DAB222B85B504F69BAA62A43 /* Pods_PictureGeneratorTests.framework in Frameworks */ = {isa = PBXBuildFile; fileRef = 142C89E75E9B40E7ACC6516E /* Pods_PictureGeneratorTests.framework */; };
		EC78D581539AEAD1F474D110 /* Pods_PictureGenerator.framework in Frameworks */ = {isa = PBXBuildFile; fileRef = BDAE21B0FAED70E2316BAF27 /* Pods_PictureGenerator.framework */; };
/* End PBXBuildFile section */

/* Begin PBXContainerItemProxy section */
		BA31051521B4A94C0087FA72 /* PBXContainerItemProxy */ = {
			isa = PBXContainerItemProxy;
			containerPortal = BA3104F821B4A94B0087FA72 /* Project object */;
			proxyType = 1;
			remoteGlobalIDString = BA3104FF21B4A94B0087FA72;
			remoteInfo = PictureGenerator;
		};
		BA31052021B4A94C0087FA72 /* PBXContainerItemProxy */ = {
			isa = PBXContainerItemProxy;
			containerPortal = BA3104F821B4A94B0087FA72 /* Project object */;
			proxyType = 1;
			remoteGlobalIDString = BA3104FF21B4A94B0087FA72;
			remoteInfo = PictureGenerator;
		};
/* End PBXContainerItemProxy section */

/* Begin PBXFileReference section */
		142C89E75E9B40E7ACC6516E /* Pods_PictureGeneratorTests.framework */ = {isa = PBXFileReference; explicitFileType = wrapper.framework; includeInIndex = 0; path = Pods_PictureGeneratorTests.framework; sourceTree = BUILT_PRODUCTS_DIR; };
		46E7488BB076A8FA361CE182 /* Pods-PictureGeneratorUITests.release.xcconfig */ = {isa = PBXFileReference; includeInIndex = 1; lastKnownFileType = text.xcconfig; name = "Pods-PictureGeneratorUITests.release.xcconfig"; path = "Pods/Target Support Files/Pods-PictureGeneratorUITests/Pods-PictureGeneratorUITests.release.xcconfig"; sourceTree = "<group>"; };
		4D57D33551BAFF34E92729EA /* Pods-PictureGeneratorTests.release.xcconfig */ = {isa = PBXFileReference; includeInIndex = 1; lastKnownFileType = text.xcconfig; name = "Pods-PictureGeneratorTests.release.xcconfig"; path = "Pods/Target Support Files/Pods-PictureGeneratorTests/Pods-PictureGeneratorTests.release.xcconfig"; sourceTree = "<group>"; };
		9000709C58C62DA8807B2F01 /* Pods-PictureGeneratorUITests.debug.xcconfig */ = {isa = PBXFileReference; includeInIndex = 1; lastKnownFileType = text.xcconfig; name = "Pods-PictureGeneratorUITests.debug.xcconfig"; path = "Pods/Target Support Files/Pods-PictureGeneratorUITests/Pods-PictureGeneratorUITests.debug.xcconfig"; sourceTree = "<group>"; };
		BA31050021B4A94B0087FA72 /* PictureGenerator.app */ = {isa = PBXFileReference; explicitFileType = wrapper.application; includeInIndex = 0; path = PictureGenerator.app; sourceTree = BUILT_PRODUCTS_DIR; };
		BA31050321B4A94B0087FA72 /* AppDelegate.swift */ = {isa = PBXFileReference; lastKnownFileType = sourcecode.swift; path = AppDelegate.swift; sourceTree = "<group>"; };
		BA31050521B4A94B0087FA72 /* MapVC.swift */ = {isa = PBXFileReference; lastKnownFileType = sourcecode.swift; path = MapVC.swift; sourceTree = "<group>"; };
		BA31050821B4A94B0087FA72 /* Base */ = {isa = PBXFileReference; lastKnownFileType = file.storyboard; name = Base; path = Base.lproj/Main.storyboard; sourceTree = "<group>"; };
		BA31050A21B4A94C0087FA72 /* Assets.xcassets */ = {isa = PBXFileReference; lastKnownFileType = folder.assetcatalog; path = Assets.xcassets; sourceTree = "<group>"; };
		BA31050D21B4A94C0087FA72 /* Base */ = {isa = PBXFileReference; lastKnownFileType = file.storyboard; name = Base; path = Base.lproj/LaunchScreen.storyboard; sourceTree = "<group>"; };
		BA31050F21B4A94C0087FA72 /* Info.plist */ = {isa = PBXFileReference; lastKnownFileType = text.plist.xml; path = Info.plist; sourceTree = "<group>"; };
		BA31051421B4A94C0087FA72 /* PictureGeneratorTests.xctest */ = {isa = PBXFileReference; explicitFileType = wrapper.cfbundle; includeInIndex = 0; path = PictureGeneratorTests.xctest; sourceTree = BUILT_PRODUCTS_DIR; };
		BA31051821B4A94C0087FA72 /* PictureGeneratorTests.swift */ = {isa = PBXFileReference; lastKnownFileType = sourcecode.swift; path = PictureGeneratorTests.swift; sourceTree = "<group>"; };
		BA31051A21B4A94C0087FA72 /* Info.plist */ = {isa = PBXFileReference; lastKnownFileType = text.plist.xml; path = Info.plist; sourceTree = "<group>"; };
		BA31051F21B4A94C0087FA72 /* PictureGeneratorUITests.xctest */ = {isa = PBXFileReference; explicitFileType = wrapper.cfbundle; includeInIndex = 0; path = PictureGeneratorUITests.xctest; sourceTree = BUILT_PRODUCTS_DIR; };
		BA31052321B4A94C0087FA72 /* PictureGeneratorUITests.swift */ = {isa = PBXFileReference; lastKnownFileType = sourcecode.swift; path = PictureGeneratorUITests.swift; sourceTree = "<group>"; };
		BA31052521B4A94C0087FA72 /* Info.plist */ = {isa = PBXFileReference; lastKnownFileType = text.plist.xml; path = Info.plist; sourceTree = "<group>"; };
		BA329E7021B9867C0026196A /* DroppingPin.swift */ = {isa = PBXFileReference; lastKnownFileType = sourcecode.swift; path = DroppingPin.swift; sourceTree = "<group>"; };
		BA61ADA921C0810A00B45DCB /* Constants.swift */ = {isa = PBXFileReference; lastKnownFileType = sourcecode.swift; path = Constants.swift; sourceTree = "<group>"; };
		BAAF808E21BED2F60020E4AB /* PictureCell.swift */ = {isa = PBXFileReference; lastKnownFileType = sourcecode.swift; path = PictureCell.swift; sourceTree = "<group>"; };
		BDAE21B0FAED70E2316BAF27 /* Pods_PictureGenerator.framework */ = {isa = PBXFileReference; explicitFileType = wrapper.framework; includeInIndex = 0; path = Pods_PictureGenerator.framework; sourceTree = BUILT_PRODUCTS_DIR; };
		BF9D356EFC61D48414ADE15F /* Pods-PictureGenerator.release.xcconfig */ = {isa = PBXFileReference; includeInIndex = 1; lastKnownFileType = text.xcconfig; name = "Pods-PictureGenerator.release.xcconfig"; path = "Pods/Target Support Files/Pods-PictureGenerator/Pods-PictureGenerator.release.xcconfig"; sourceTree = "<group>"; };
		C7F2DD11DD51ABED81718C76 /* Pods-PictureGenerator.debug.xcconfig */ = {isa = PBXFileReference; includeInIndex = 1; lastKnownFileType = text.xcconfig; name = "Pods-PictureGenerator.debug.xcconfig"; path = "Pods/Target Support Files/Pods-PictureGenerator/Pods-PictureGenerator.debug.xcconfig"; sourceTree = "<group>"; };
		DA6B57E033302B5717C013F7 /* Pods_PictureGeneratorUITests.framework */ = {isa = PBXFileReference; explicitFileType = wrapper.framework; includeInIndex = 0; path = Pods_PictureGeneratorUITests.framework; sourceTree = BUILT_PRODUCTS_DIR; };
		FE479ED17286703BE49DCEB3 /* Pods-PictureGeneratorTests.debug.xcconfig */ = {isa = PBXFileReference; includeInIndex = 1; lastKnownFileType = text.xcconfig; name = "Pods-PictureGeneratorTests.debug.xcconfig"; path = "Pods/Target Support Files/Pods-PictureGeneratorTests/Pods-PictureGeneratorTests.debug.xcconfig"; sourceTree = "<group>"; };
/* End PBXFileReference section */

/* Begin PBXFrameworksBuildPhase section */
		BA3104FD21B4A94B0087FA72 /* Frameworks */ = {
			isa = PBXFrameworksBuildPhase;
			buildActionMask = 2147483647;
			files = (
				EC78D581539AEAD1F474D110 /* Pods_PictureGenerator.framework in Frameworks */,
			);
			runOnlyForDeploymentPostprocessing = 0;
		};
		BA31051121B4A94C0087FA72 /* Frameworks */ = {
			isa = PBXFrameworksBuildPhase;
			buildActionMask = 2147483647;
			files = (
				DAB222B85B504F69BAA62A43 /* Pods_PictureGeneratorTests.framework in Frameworks */,
			);
			runOnlyForDeploymentPostprocessing = 0;
		};
		BA31051C21B4A94C0087FA72 /* Frameworks */ = {
			isa = PBXFrameworksBuildPhase;
			buildActionMask = 2147483647;
			files = (
				7513D18BEEE45DCA0C387687 /* Pods_PictureGeneratorUITests.framework in Frameworks */,
			);
			runOnlyForDeploymentPostprocessing = 0;
		};
/* End PBXFrameworksBuildPhase section */

/* Begin PBXGroup section */
		8A19C5654603993A1EDF65EE /* Frameworks */ = {
			isa = PBXGroup;
			children = (
				BDAE21B0FAED70E2316BAF27 /* Pods_PictureGenerator.framework */,
				142C89E75E9B40E7ACC6516E /* Pods_PictureGeneratorTests.framework */,
				DA6B57E033302B5717C013F7 /* Pods_PictureGeneratorUITests.framework */,
			);
			name = Frameworks;
			sourceTree = "<group>";
		};
		BA3104F721B4A94B0087FA72 = {
			isa = PBXGroup;
			children = (
				BA31050221B4A94B0087FA72 /* PictureGenerator */,
				BA31051721B4A94C0087FA72 /* PictureGeneratorTests */,
				BA31052221B4A94C0087FA72 /* PictureGeneratorUITests */,
				BA31050121B4A94B0087FA72 /* Products */,
				BAD6E2140A26888DA6AF1C45 /* Pods */,
				8A19C5654603993A1EDF65EE /* Frameworks */,
			);
			sourceTree = "<group>";
		};
		BA31050121B4A94B0087FA72 /* Products */ = {
			isa = PBXGroup;
			children = (
				BA31050021B4A94B0087FA72 /* PictureGenerator.app */,
				BA31051421B4A94C0087FA72 /* PictureGeneratorTests.xctest */,
				BA31051F21B4A94C0087FA72 /* PictureGeneratorUITests.xctest */,
			);
			name = Products;
			sourceTree = "<group>";
		};
		BA31050221B4A94B0087FA72 /* PictureGenerator */ = {
			isa = PBXGroup;
			children = (
				BA31050321B4A94B0087FA72 /* AppDelegate.swift */,
				BA31050521B4A94B0087FA72 /* MapVC.swift */,
				BA31050721B4A94B0087FA72 /* Main.storyboard */,
				BA31050A21B4A94C0087FA72 /* Assets.xcassets */,
				BA31050C21B4A94C0087FA72 /* LaunchScreen.storyboard */,
				BA31050F21B4A94C0087FA72 /* Info.plist */,
				BA329E7021B9867C0026196A /* DroppingPin.swift */,
				BAAF808E21BED2F60020E4AB /* PictureCell.swift */,
				BA61ADA921C0810A00B45DCB /* Constants.swift */,
			);
			path = PictureGenerator;
			sourceTree = "<group>";
		};
		BA31051721B4A94C0087FA72 /* PictureGeneratorTests */ = {
			isa = PBXGroup;
			children = (
				BA31051821B4A94C0087FA72 /* PictureGeneratorTests.swift */,
				BA31051A21B4A94C0087FA72 /* Info.plist */,
			);
			path = PictureGeneratorTests;
			sourceTree = "<group>";
		};
		BA31052221B4A94C0087FA72 /* PictureGeneratorUITests */ = {
			isa = PBXGroup;
			children = (
				BA31052321B4A94C0087FA72 /* PictureGeneratorUITests.swift */,
				BA31052521B4A94C0087FA72 /* Info.plist */,
			);
			path = PictureGeneratorUITests;
			sourceTree = "<group>";
		};
		BAD6E2140A26888DA6AF1C45 /* Pods */ = {
			isa = PBXGroup;
			children = (
				C7F2DD11DD51ABED81718C76 /* Pods-PictureGenerator.debug.xcconfig */,
				BF9D356EFC61D48414ADE15F /* Pods-PictureGenerator.release.xcconfig */,
				FE479ED17286703BE49DCEB3 /* Pods-PictureGeneratorTests.debug.xcconfig */,
				4D57D33551BAFF34E92729EA /* Pods-PictureGeneratorTests.release.xcconfig */,
				9000709C58C62DA8807B2F01 /* Pods-PictureGeneratorUITests.debug.xcconfig */,
				46E7488BB076A8FA361CE182 /* Pods-PictureGeneratorUITests.release.xcconfig */,
			);
			name = Pods;
			sourceTree = "<group>";
		};
/* End PBXGroup section */

/* Begin PBXNativeTarget section */
		BA3104FF21B4A94B0087FA72 /* PictureGenerator */ = {
			isa = PBXNativeTarget;
			buildConfigurationList = BA31052821B4A94C0087FA72 /* Build configuration list for PBXNativeTarget "PictureGenerator" */;
			buildPhases = (
				F842D81D07C7C1869209B7C4 /* [CP] Check Pods Manifest.lock */,
				BA3104FC21B4A94B0087FA72 /* Sources */,
				BA3104FD21B4A94B0087FA72 /* Frameworks */,
				BA3104FE21B4A94B0087FA72 /* Resources */,
				143A52F0DD0B56DDDEC2A8CC /* [CP] Embed Pods Frameworks */,
			);
			buildRules = (
			);
			dependencies = (
			);
			name = PictureGenerator;
			productName = PictureGenerator;
			productReference = BA31050021B4A94B0087FA72 /* PictureGenerator.app */;
			productType = "com.apple.product-type.application";
		};
		BA31051321B4A94C0087FA72 /* PictureGeneratorTests */ = {
			isa = PBXNativeTarget;
			buildConfigurationList = BA31052B21B4A94C0087FA72 /* Build configuration list for PBXNativeTarget "PictureGeneratorTests" */;
			buildPhases = (
				7F3671877F679FC0499E76C1 /* [CP] Check Pods Manifest.lock */,
				BA31051021B4A94C0087FA72 /* Sources */,
				BA31051121B4A94C0087FA72 /* Frameworks */,
				BA31051221B4A94C0087FA72 /* Resources */,
			);
			buildRules = (
			);
			dependencies = (
				BA31051621B4A94C0087FA72 /* PBXTargetDependency */,
			);
			name = PictureGeneratorTests;
			productName = PictureGeneratorTests;
			productReference = BA31051421B4A94C0087FA72 /* PictureGeneratorTests.xctest */;
			productType = "com.apple.product-type.bundle.unit-test";
		};
		BA31051E21B4A94C0087FA72 /* PictureGeneratorUITests */ = {
			isa = PBXNativeTarget;
			buildConfigurationList = BA31052E21B4A94C0087FA72 /* Build configuration list for PBXNativeTarget "PictureGeneratorUITests" */;
			buildPhases = (
				13D8051AB6C6654789675B71 /* [CP] Check Pods Manifest.lock */,
				BA31051B21B4A94C0087FA72 /* Sources */,
				BA31051C21B4A94C0087FA72 /* Frameworks */,
				BA31051D21B4A94C0087FA72 /* Resources */,
			);
			buildRules = (
			);
			dependencies = (
				BA31052121B4A94C0087FA72 /* PBXTargetDependency */,
			);
			name = PictureGeneratorUITests;
			productName = PictureGeneratorUITests;
			productReference = BA31051F21B4A94C0087FA72 /* PictureGeneratorUITests.xctest */;
			productType = "com.apple.product-type.bundle.ui-testing";
		};
/* End PBXNativeTarget section */

/* Begin PBXProject section */
		BA3104F821B4A94B0087FA72 /* Project object */ = {
			isa = PBXProject;
			attributes = {
				LastSwiftUpdateCheck = 1010;
				LastUpgradeCheck = 1010;
				ORGANIZATIONNAME = "Ahmad Hamed Rangeen";
				TargetAttributes = {
					BA3104FF21B4A94B0087FA72 = {
						CreatedOnToolsVersion = 10.1;
					};
					BA31051321B4A94C0087FA72 = {
						CreatedOnToolsVersion = 10.1;
						TestTargetID = BA3104FF21B4A94B0087FA72;
					};
					BA31051E21B4A94C0087FA72 = {
						CreatedOnToolsVersion = 10.1;
						TestTargetID = BA3104FF21B4A94B0087FA72;
					};
				};
			};
			buildConfigurationList = BA3104FB21B4A94B0087FA72 /* Build configuration list for PBXProject "PictureGenerator" */;
			compatibilityVersion = "Xcode 9.3";
			developmentRegion = en;
			hasScannedForEncodings = 0;
			knownRegions = (
				en,
				Base,
			);
			mainGroup = BA3104F721B4A94B0087FA72;
			productRefGroup = BA31050121B4A94B0087FA72 /* Products */;
			projectDirPath = "";
			projectRoot = "";
			targets = (
				BA3104FF21B4A94B0087FA72 /* PictureGenerator */,
				BA31051321B4A94C0087FA72 /* PictureGeneratorTests */,
				BA31051E21B4A94C0087FA72 /* PictureGeneratorUITests */,
			);
		};
/* End PBXProject section */

/* Begin PBXResourcesBuildPhase section */
		BA3104FE21B4A94B0087FA72 /* Resources */ = {
			isa = PBXResourcesBuildPhase;
			buildActionMask = 2147483647;
			files = (
				BA31050E21B4A94C0087FA72 /* LaunchScreen.storyboard in Resources */,
				BA31050B21B4A94C0087FA72 /* Assets.xcassets in Resources */,
				BA31050921B4A94B0087FA72 /* Main.storyboard in Resources */,
			);
			runOnlyForDeploymentPostprocessing = 0;
		};
		BA31051221B4A94C0087FA72 /* Resources */ = {
			isa = PBXResourcesBuildPhase;
			buildActionMask = 2147483647;
			files = (
			);
			runOnlyForDeploymentPostprocessing = 0;
		};
		BA31051D21B4A94C0087FA72 /* Resources */ = {
			isa = PBXResourcesBuildPhase;
			buildActionMask = 2147483647;
			files = (
			);
			runOnlyForDeploymentPostprocessing = 0;
		};
/* End PBXResourcesBuildPhase section */

/* Begin PBXShellScriptBuildPhase section */
		13D8051AB6C6654789675B71 /* [CP] Check Pods Manifest.lock */ = {
			isa = PBXShellScriptBuildPhase;
			buildActionMask = 2147483647;
			files = (
			);
			inputFileListPaths = (
			);
			inputPaths = (
				"${PODS_PODFILE_DIR_PATH}/Podfile.lock",
				"${PODS_ROOT}/Manifest.lock",
			);
			name = "[CP] Check Pods Manifest.lock";
			outputFileListPaths = (
			);
			outputPaths = (
				"$(DERIVED_FILE_DIR)/Pods-PictureGeneratorUITests-checkManifestLockResult.txt",
			);
			runOnlyForDeploymentPostprocessing = 0;
			shellPath = /bin/sh;
			shellScript = "diff \"${PODS_PODFILE_DIR_PATH}/Podfile.lock\" \"${PODS_ROOT}/Manifest.lock\" > /dev/null\nif [ $? != 0 ] ; then\n    # print error to STDERR\n    echo \"error: The sandbox is not in sync with the Podfile.lock. Run 'pod install' or update your CocoaPods installation.\" >&2\n    exit 1\nfi\n# This output is used by Xcode 'outputs' to avoid re-running this script phase.\necho \"SUCCESS\" > \"${SCRIPT_OUTPUT_FILE_0}\"\n";
			showEnvVarsInLog = 0;
		};
		143A52F0DD0B56DDDEC2A8CC /* [CP] Embed Pods Frameworks */ = {
			isa = PBXShellScriptBuildPhase;
			buildActionMask = 2147483647;
			files = (
			);
			inputFileListPaths = (
			);
			inputPaths = (
				"${SRCROOT}/Pods/Target Support Files/Pods-PictureGenerator/Pods-PictureGenerator-frameworks.sh",
				"${BUILT_PRODUCTS_DIR}/Alamofire/Alamofire.framework",
				"${BUILT_PRODUCTS_DIR}/AlamofireImage/AlamofireImage.framework",
			);
			name = "[CP] Embed Pods Frameworks";
			outputFileListPaths = (
			);
			outputPaths = (
				"${TARGET_BUILD_DIR}/${FRAMEWORKS_FOLDER_PATH}/Alamofire.framework",
				"${TARGET_BUILD_DIR}/${FRAMEWORKS_FOLDER_PATH}/AlamofireImage.framework",
			);
			runOnlyForDeploymentPostprocessing = 0;
			shellPath = /bin/sh;
			shellScript = "\"${SRCROOT}/Pods/Target Support Files/Pods-PictureGenerator/Pods-PictureGenerator-frameworks.sh\"\n";
			showEnvVarsInLog = 0;
		};
		7F3671877F679FC0499E76C1 /* [CP] Check Pods Manifest.lock */ = {
			isa = PBXShellScriptBuildPhase;
			buildActionMask = 2147483647;
			files = (
			);
			inputFileListPaths = (
			);
			inputPaths = (
				"${PODS_PODFILE_DIR_PATH}/Podfile.lock",
				"${PODS_ROOT}/Manifest.lock",
			);
			name = "[CP] Check Pods Manifest.lock";
			outputFileListPaths = (
			);
			outputPaths = (
				"$(DERIVED_FILE_DIR)/Pods-PictureGeneratorTests-checkManifestLockResult.txt",
			);
			runOnlyForDeploymentPostprocessing = 0;
			shellPath = /bin/sh;
			shellScript = "diff \"${PODS_PODFILE_DIR_PATH}/Podfile.lock\" \"${PODS_ROOT}/Manifest.lock\" > /dev/null\nif [ $? != 0 ] ; then\n    # print error to STDERR\n    echo \"error: The sandbox is not in sync with the Podfile.lock. Run 'pod install' or update your CocoaPods installation.\" >&2\n    exit 1\nfi\n# This output is used by Xcode 'outputs' to avoid re-running this script phase.\necho \"SUCCESS\" > \"${SCRIPT_OUTPUT_FILE_0}\"\n";
			showEnvVarsInLog = 0;
		};
		F842D81D07C7C1869209B7C4 /* [CP] Check Pods Manifest.lock */ = {
			isa = PBXShellScriptBuildPhase;
			buildActionMask = 2147483647;
			files = (
			);
			inputFileListPaths = (
			);
			inputPaths = (
				"${PODS_PODFILE_DIR_PATH}/Podfile.lock",
				"${PODS_ROOT}/Manifest.lock",
			);
			name = "[CP] Check Pods Manifest.lock";
			outputFileListPaths = (
			);
			outputPaths = (
				"$(DERIVED_FILE_DIR)/Pods-PictureGenerator-checkManifestLockResult.txt",
			);
			runOnlyForDeploymentPostprocessing = 0;
			shellPath = /bin/sh;
			shellScript = "diff \"${PODS_PODFILE_DIR_PATH}/Podfile.lock\" \"${PODS_ROOT}/Manifest.lock\" > /dev/null\nif [ $? != 0 ] ; then\n    # print error to STDERR\n    echo \"error: The sandbox is not in sync with the Podfile.lock. Run 'pod install' or update your CocoaPods installation.\" >&2\n    exit 1\nfi\n# This output is used by Xcode 'outputs' to avoid re-running this script phase.\necho \"SUCCESS\" > \"${SCRIPT_OUTPUT_FILE_0}\"\n";
			showEnvVarsInLog = 0;
		};
/* End PBXShellScriptBuildPhase section */

/* Begin PBXSourcesBuildPhase section */
		BA3104FC21B4A94B0087FA72 /* Sources */ = {
			isa = PBXSourcesBuildPhase;
			buildActionMask = 2147483647;
			files = (
				BA61ADAA21C0810A00B45DCB /* Constants.swift in Sources */,
				BA31050621B4A94B0087FA72 /* MapVC.swift in Sources */,
				BAAF808F21BED2F60020E4AB /* PictureCell.swift in Sources */,
				BA329E7121B9867C0026196A /* DroppingPin.swift in Sources */,
				BA31050421B4A94B0087FA72 /* AppDelegate.swift in Sources */,
			);
			runOnlyForDeploymentPostprocessing = 0;
		};
		BA31051021B4A94C0087FA72 /* Sources */ = {
			isa = PBXSourcesBuildPhase;
			buildActionMask = 2147483647;
			files = (
				BA31051921B4A94C0087FA72 /* PictureGeneratorTests.swift in Sources */,
			);
			runOnlyForDeploymentPostprocessing = 0;
		};
		BA31051B21B4A94C0087FA72 /* Sources */ = {
			isa = PBXSourcesBuildPhase;
			buildActionMask = 2147483647;
			files = (
				BA31052421B4A94C0087FA72 /* PictureGeneratorUITests.swift in Sources */,
			);
			runOnlyForDeploymentPostprocessing = 0;
		};
/* End PBXSourcesBuildPhase section */

/* Begin PBXTargetDependency section */
		BA31051621B4A94C0087FA72 /* PBXTargetDependency */ = {
			isa = PBXTargetDependency;
			target = BA3104FF21B4A94B0087FA72 /* PictureGenerator */;
			targetProxy = BA31051521B4A94C0087FA72 /* PBXContainerItemProxy */;
		};
		BA31052121B4A94C0087FA72 /* PBXTargetDependency */ = {
			isa = PBXTargetDependency;
			target = BA3104FF21B4A94B0087FA72 /* PictureGenerator */;
			targetProxy = BA31052021B4A94C0087FA72 /* PBXContainerItemProxy */;
		};
/* End PBXTargetDependency section */

/* Begin PBXVariantGroup section */
		BA31050721B4A94B0087FA72 /* Main.storyboard */ = {
			isa = PBXVariantGroup;
			children = (
				BA31050821B4A94B0087FA72 /* Base */,
			);
			name = Main.storyboard;
			sourceTree = "<group>";
		};
		BA31050C21B4A94C0087FA72 /* LaunchScreen.storyboard */ = {
			isa = PBXVariantGroup;
			children = (
				BA31050D21B4A94C0087FA72 /* Base */,
			);
			name = LaunchScreen.storyboard;
			sourceTree = "<group>";
		};
/* End PBXVariantGroup section */

/* Begin XCBuildConfiguration section */
		BA31052621B4A94C0087FA72 /* Debug */ = {
			isa = XCBuildConfiguration;
			buildSettings = {
				ALWAYS_SEARCH_USER_PATHS = NO;
				CLANG_ANALYZER_NONNULL = YES;
				CLANG_ANALYZER_NUMBER_OBJECT_CONVERSION = YES_AGGRESSIVE;
				CLANG_CXX_LANGUAGE_STANDARD = "gnu++14";
				CLANG_CXX_LIBRARY = "libc++";
				CLANG_ENABLE_MODULES = YES;
				CLANG_ENABLE_OBJC_ARC = YES;
				CLANG_ENABLE_OBJC_WEAK = YES;
				CLANG_WARN_BLOCK_CAPTURE_AUTORELEASING = YES;
				CLANG_WARN_BOOL_CONVERSION = YES;
				CLANG_WARN_COMMA = YES;
				CLANG_WARN_CONSTANT_CONVERSION = YES;
				CLANG_WARN_DEPRECATED_OBJC_IMPLEMENTATIONS = YES;
				CLANG_WARN_DIRECT_OBJC_ISA_USAGE = YES_ERROR;
				CLANG_WARN_DOCUMENTATION_COMMENTS = YES;
				CLANG_WARN_EMPTY_BODY = YES;
				CLANG_WARN_ENUM_CONVERSION = YES;
				CLANG_WARN_INFINITE_RECURSION = YES;
				CLANG_WARN_INT_CONVERSION = YES;
				CLANG_WARN_NON_LITERAL_NULL_CONVERSION = YES;
				CLANG_WARN_OBJC_IMPLICIT_RETAIN_SELF = YES;
				CLANG_WARN_OBJC_LITERAL_CONVERSION = YES;
				CLANG_WARN_OBJC_ROOT_CLASS = YES_ERROR;
				CLANG_WARN_RANGE_LOOP_ANALYSIS = YES;
				CLANG_WARN_STRICT_PROTOTYPES = YES;
				CLANG_WARN_SUSPICIOUS_MOVE = YES;
				CLANG_WARN_UNGUARDED_AVAILABILITY = YES_AGGRESSIVE;
				CLANG_WARN_UNREACHABLE_CODE = YES;
				CLANG_WARN__DUPLICATE_METHOD_MATCH = YES;
				CODE_SIGN_IDENTITY = "iPhone Developer";
				COPY_PHASE_STRIP = NO;
				DEBUG_INFORMATION_FORMAT = dwarf;
				ENABLE_STRICT_OBJC_MSGSEND = YES;
				ENABLE_TESTABILITY = YES;
				GCC_C_LANGUAGE_STANDARD = gnu11;
				GCC_DYNAMIC_NO_PIC = NO;
				GCC_NO_COMMON_BLOCKS = YES;
				GCC_OPTIMIZATION_LEVEL = 0;
				GCC_PREPROCESSOR_DEFINITIONS = (
					"DEBUG=1",
					"$(inherited)",
				);
				GCC_WARN_64_TO_32_BIT_CONVERSION = YES;
				GCC_WARN_ABOUT_RETURN_TYPE = YES_ERROR;
				GCC_WARN_UNDECLARED_SELECTOR = YES;
				GCC_WARN_UNINITIALIZED_AUTOS = YES_AGGRESSIVE;
				GCC_WARN_UNUSED_FUNCTION = YES;
				GCC_WARN_UNUSED_VARIABLE = YES;
				IPHONEOS_DEPLOYMENT_TARGET = 12.1;
				MTL_ENABLE_DEBUG_INFO = INCLUDE_SOURCE;
				MTL_FAST_MATH = YES;
				ONLY_ACTIVE_ARCH = YES;
				SDKROOT = iphoneos;
				SWIFT_ACTIVE_COMPILATION_CONDITIONS = DEBUG;
				SWIFT_OPTIMIZATION_LEVEL = "-Onone";
			};
			name = Debug;
		};
		BA31052721B4A94C0087FA72 /* Release */ = {
			isa = XCBuildConfiguration;
			buildSettings = {
				ALWAYS_SEARCH_USER_PATHS = NO;
				CLANG_ANALYZER_NONNULL = YES;
				CLANG_ANALYZER_NUMBER_OBJECT_CONVERSION = YES_AGGRESSIVE;
				CLANG_CXX_LANGUAGE_STANDARD = "gnu++14";
				CLANG_CXX_LIBRARY = "libc++";
				CLANG_ENABLE_MODULES = YES;
				CLANG_ENABLE_OBJC_ARC = YES;
				CLANG_ENABLE_OBJC_WEAK = YES;
				CLANG_WARN_BLOCK_CAPTURE_AUTORELEASING = YES;
				CLANG_WARN_BOOL_CONVERSION = YES;
				CLANG_WARN_COMMA = YES;
				CLANG_WARN_CONSTANT_CONVERSION = YES;
				CLANG_WARN_DEPRECATED_OBJC_IMPLEMENTATIONS = YES;
				CLANG_WARN_DIRECT_OBJC_ISA_USAGE = YES_ERROR;
				CLANG_WARN_DOCUMENTATION_COMMENTS = YES;
				CLANG_WARN_EMPTY_BODY = YES;
				CLANG_WARN_ENUM_CONVERSION = YES;
				CLANG_WARN_INFINITE_RECURSION = YES;
				CLANG_WARN_INT_CONVERSION = YES;
				CLANG_WARN_NON_LITERAL_NULL_CONVERSION = YES;
				CLANG_WARN_OBJC_IMPLICIT_RETAIN_SELF = YES;
				CLANG_WARN_OBJC_LITERAL_CONVERSION = YES;
				CLANG_WARN_OBJC_ROOT_CLASS = YES_ERROR;
				CLANG_WARN_RANGE_LOOP_ANALYSIS = YES;
				CLANG_WARN_STRICT_PROTOTYPES = YES;
				CLANG_WARN_SUSPICIOUS_MOVE = YES;
				CLANG_WARN_UNGUARDED_AVAILABILITY = YES_AGGRESSIVE;
				CLANG_WARN_UNREACHABLE_CODE = YES;
				CLANG_WARN__DUPLICATE_METHOD_MATCH = YES;
				CODE_SIGN_IDENTITY = "iPhone Developer";
				COPY_PHASE_STRIP = NO;
				DEBUG_INFORMATION_FORMAT = "dwarf-with-dsym";
				ENABLE_NS_ASSERTIONS = NO;
				ENABLE_STRICT_OBJC_MSGSEND = YES;
				GCC_C_LANGUAGE_STANDARD = gnu11;
				GCC_NO_COMMON_BLOCKS = YES;
				GCC_WARN_64_TO_32_BIT_CONVERSION = YES;
				GCC_WARN_ABOUT_RETURN_TYPE = YES_ERROR;
				GCC_WARN_UNDECLARED_SELECTOR = YES;
				GCC_WARN_UNINITIALIZED_AUTOS = YES_AGGRESSIVE;
				GCC_WARN_UNUSED_FUNCTION = YES;
				GCC_WARN_UNUSED_VARIABLE = YES;
				IPHONEOS_DEPLOYMENT_TARGET = 12.1;
				MTL_ENABLE_DEBUG_INFO = NO;
				MTL_FAST_MATH = YES;
				SDKROOT = iphoneos;
				SWIFT_COMPILATION_MODE = wholemodule;
				SWIFT_OPTIMIZATION_LEVEL = "-O";
				VALIDATE_PRODUCT = YES;
			};
			name = Release;
		};
		BA31052921B4A94C0087FA72 /* Debug */ = {
			isa = XCBuildConfiguration;
			baseConfigurationReference = C7F2DD11DD51ABED81718C76 /* Pods-PictureGenerator.debug.xcconfig */;
			buildSettings = {
				ASSETCATALOG_COMPILER_APPICON_NAME = AppIcon;
				CODE_SIGN_STYLE = Automatic;
				DEVELOPMENT_TEAM = "";
				INFOPLIST_FILE = PictureGenerator/Info.plist;
				LD_RUNPATH_SEARCH_PATHS = (
					"$(inherited)",
					"@executable_path/Frameworks",
				);
				PRODUCT_BUNDLE_IDENTIFIER = com.ahmadrangeen.PictureGenerator;
				PRODUCT_NAME = "$(TARGET_NAME)";
				SWIFT_VERSION = 4.2;
				TARGETED_DEVICE_FAMILY = "1,2";
			};
			name = Debug;
		};
		BA31052A21B4A94C0087FA72 /* Release */ = {
			isa = XCBuildConfiguration;
			baseConfigurationReference = BF9D356EFC61D48414ADE15F /* Pods-PictureGenerator.release.xcconfig */;
			buildSettings = {
				ASSETCATALOG_COMPILER_APPICON_NAME = AppIcon;
				CODE_SIGN_STYLE = Automatic;
				DEVELOPMENT_TEAM = "";
				INFOPLIST_FILE = PictureGenerator/Info.plist;
				LD_RUNPATH_SEARCH_PATHS = (
					"$(inherited)",
					"@executable_path/Frameworks",
				);
				PRODUCT_BUNDLE_IDENTIFIER = com.ahmadrangeen.PictureGenerator;
				PRODUCT_NAME = "$(TARGET_NAME)";
				SWIFT_VERSION = 4.2;
				TARGETED_DEVICE_FAMILY = "1,2";
			};
			name = Release;
		};
		BA31052C21B4A94C0087FA72 /* Debug */ = {
			isa = XCBuildConfiguration;
			baseConfigurationReference = FE479ED17286703BE49DCEB3 /* Pods-PictureGeneratorTests.debug.xcconfig */;
			buildSettings = {
				ALWAYS_EMBED_SWIFT_STANDARD_LIBRARIES = YES;
				BUNDLE_LOADER = "$(TEST_HOST)";
				CODE_SIGN_STYLE = Automatic;
				INFOPLIST_FILE = PictureGeneratorTests/Info.plist;
				LD_RUNPATH_SEARCH_PATHS = (
					"$(inherited)",
					"@executable_path/Frameworks",
					"@loader_path/Frameworks",
				);
				PRODUCT_BUNDLE_IDENTIFIER = com.ahmadrangeen.PictureGeneratorTests;
				PRODUCT_NAME = "$(TARGET_NAME)";
				SWIFT_VERSION = 4.2;
				TARGETED_DEVICE_FAMILY = "1,2";
				TEST_HOST = "$(BUILT_PRODUCTS_DIR)/PictureGenerator.app/PictureGenerator";
			};
			name = Debug;
		};
		BA31052D21B4A94C0087FA72 /* Release */ = {
			isa = XCBuildConfiguration;
			baseConfigurationReference = 4D57D33551BAFF34E92729EA /* Pods-PictureGeneratorTests.release.xcconfig */;
			buildSettings = {
				ALWAYS_EMBED_SWIFT_STANDARD_LIBRARIES = YES;
				BUNDLE_LOADER = "$(TEST_HOST)";
				CODE_SIGN_STYLE = Automatic;
				INFOPLIST_FILE = PictureGeneratorTests/Info.plist;
				LD_RUNPATH_SEARCH_PATHS = (
					"$(inherited)",
					"@executable_path/Frameworks",
					"@loader_path/Frameworks",
				);
				PRODUCT_BUNDLE_IDENTIFIER = com.ahmadrangeen.PictureGeneratorTests;
				PRODUCT_NAME = "$(TARGET_NAME)";
				SWIFT_VERSION = 4.2;
				TARGETED_DEVICE_FAMILY = "1,2";
				TEST_HOST = "$(BUILT_PRODUCTS_DIR)/PictureGenerator.app/PictureGenerator";
			};
			name = Release;
		};
		BA31052F21B4A94C0087FA72 /* Debug */ = {
			isa = XCBuildConfiguration;
			baseConfigurationReference = 9000709C58C62DA8807B2F01 /* Pods-PictureGeneratorUITests.debug.xcconfig */;
			buildSettings = {
				ALWAYS_EMBED_SWIFT_STANDARD_LIBRARIES = YES;
				CODE_SIGN_STYLE = Automatic;
				INFOPLIST_FILE = PictureGeneratorUITests/Info.plist;
				LD_RUNPATH_SEARCH_PATHS = (
					"$(inherited)",
					"@executable_path/Frameworks",
					"@loader_path/Frameworks",
				);
				PRODUCT_BUNDLE_IDENTIFIER = com.ahmadrangeen.PictureGeneratorUITests;
				PRODUCT_NAME = "$(TARGET_NAME)";
				SWIFT_VERSION = 4.2;
				TARGETED_DEVICE_FAMILY = "1,2";
				TEST_TARGET_NAME = PictureGenerator;
			};
			name = Debug;
		};
		BA31053021B4A94C0087FA72 /* Release */ = {
			isa = XCBuildConfiguration;
			baseConfigurationReference = 46E7488BB076A8FA361CE182 /* Pods-PictureGeneratorUITests.release.xcconfig */;
			buildSettings = {
				ALWAYS_EMBED_SWIFT_STANDARD_LIBRARIES = YES;
				CODE_SIGN_STYLE = Automatic;
				INFOPLIST_FILE = PictureGeneratorUITests/Info.plist;
				LD_RUNPATH_SEARCH_PATHS = (
					"$(inherited)",
					"@executable_path/Frameworks",
					"@loader_path/Frameworks",
				);
				PRODUCT_BUNDLE_IDENTIFIER = com.ahmadrangeen.PictureGeneratorUITests;
				PRODUCT_NAME = "$(TARGET_NAME)";
				SWIFT_VERSION = 4.2;
				TARGETED_DEVICE_FAMILY = "1,2";
				TEST_TARGET_NAME = PictureGenerator;
			};
			name = Release;
		};
/* End XCBuildConfiguration section */

/* Begin XCConfigurationList section */
		BA3104FB21B4A94B0087FA72 /* Build configuration list for PBXProject "PictureGenerator" */ = {
			isa = XCConfigurationList;
			buildConfigurations = (
				BA31052621B4A94C0087FA72 /* Debug */,
				BA31052721B4A94C0087FA72 /* Release */,
			);
			defaultConfigurationIsVisible = 0;
			defaultConfigurationName = Release;
		};
		BA31052821B4A94C0087FA72 /* Build configuration list for PBXNativeTarget "PictureGenerator" */ = {
			isa = XCConfigurationList;
			buildConfigurations = (
				BA31052921B4A94C0087FA72 /* Debug */,
				BA31052A21B4A94C0087FA72 /* Release */,
			);
			defaultConfigurationIsVisible = 0;
			defaultConfigurationName = Release;
		};
		BA31052B21B4A94C0087FA72 /* Build configuration list for PBXNativeTarget "PictureGeneratorTests" */ = {
			isa = XCConfigurationList;
			buildConfigurations = (
				BA31052C21B4A94C0087FA72 /* Debug */,
				BA31052D21B4A94C0087FA72 /* Release */,
			);
			defaultConfigurationIsVisible = 0;
			defaultConfigurationName = Release;
		};
		BA31052E21B4A94C0087FA72 /* Build configuration list for PBXNativeTarget "PictureGeneratorUITests" */ = {
			isa = XCConfigurationList;
			buildConfigurations = (
				BA31052F21B4A94C0087FA72 /* Debug */,
				BA31053021B4A94C0087FA72 /* Release */,
			);
			defaultConfigurationIsVisible = 0;
			defaultConfigurationName = Release;
		};
/* End XCConfigurationList section */
	};
	rootObject = BA3104F821B4A94B0087FA72 /* Project object */;
}
